
Microsoft Visual Studio Solution File, Format Version 12.00
# Visual Studio Version 17
VisualStudioVersion = 17.12.35527.113 d17.12
MinimumVisualStudioVersion = 10.0.40219.1
Project("{FAE04EC0-301F-11D3-BF4B-00C04F79EFBC}") = "Mission06_Epling", "Mission06_Epling\Mission06_Epling.csproj", "{DBDB1C97-5CCE-4090-B543-B63040C083CB}"
EndProject
Global
	GlobalSection(SolutionConfigurationPlatforms) = preSolution
		Debug|Any CPU = Debug|Any CPU
		Release|Any CPU = Release|Any CPU
	EndGlobalSection
	GlobalSection(ProjectConfigurationPlatforms) = postSolution
		{DBDB1C97-5CCE-4090-B543-B63040C083CB}.Debug|Any CPU.ActiveCfg = Debug|Any CPU
		{DBDB1C97-5CCE-4090-B543-B63040C083CB}.Debug|Any CPU.Build.0 = Debug|Any CPU
		{DBDB1C97-5CCE-4090-B543-B63040C083CB}.Release|Any CPU.ActiveCfg = Release|Any CPU
		{DBDB1C97-5CCE-4090-B543-B63040C083CB}.Release|Any CPU.Build.0 = Release|Any CPU
	EndGlobalSection
	GlobalSection(SolutionProperties) = preSolution
		HideSolutionNode = FALSE
	EndGlobalSection
EndGlobal
